
Microsoft Visual Studio Solution File, Format Version 12.00
# Visual Studio Version 16
VisualStudioVersion = 16.0.30523.141
MinimumVisualStudioVersion = 10.0.40219.1
Project("{FAE04EC0-301F-11D3-BF4B-00C04F79EFBC}") = "OrdenesBlazorWasm.Server", "OrdenesBlazorWasm\Server\OrdenesBlazorWasm.Server.csproj", "{2D70287F-A7DB-441C-AC54-760C34D54E74}"
EndProject
Project("{FAE04EC0-301F-11D3-BF4B-00C04F79EFBC}") = "OrdenesBlazorWasm.Client", "OrdenesBlazorWasm\Client\OrdenesBlazorWasm.Client.csproj", "{856F724F-E01E-41FD-A739-0F74F41D205B}"
EndProject
Project("{FAE04EC0-301F-11D3-BF4B-00C04F79EFBC}") = "OrdenesBlazorWasm.Shared", "OrdenesBlazorWasm\Shared\OrdenesBlazorWasm.Shared.csproj", "{5A23C0FA-2C9A-4DCA-A898-E4CAF33F1EA5}"
EndProject
Global
	GlobalSection(SolutionConfigurationPlatforms) = preSolution
		Debug|Any CPU = Debug|Any CPU
		Release|Any CPU = Release|Any CPU
	EndGlobalSection
	GlobalSection(ProjectConfigurationPlatforms) = postSolution
		{2D70287F-A7DB-441C-AC54-760C34D54E74}.Debug|Any CPU.ActiveCfg = Debug|Any CPU
		{2D70287F-A7DB-441C-AC54-760C34D54E74}.Debug|Any CPU.Build.0 = Debug|Any CPU
		{2D70287F-A7DB-441C-AC54-760C34D54E74}.Release|Any CPU.ActiveCfg = Release|Any CPU
		{2D70287F-A7DB-441C-AC54-760C34D54E74}.Release|Any CPU.Build.0 = Release|Any CPU
		{856F724F-E01E-41FD-A739-0F74F41D205B}.Debug|Any CPU.ActiveCfg = Debug|Any CPU
		{856F724F-E01E-41FD-A739-0F74F41D205B}.Debug|Any CPU.Build.0 = Debug|Any CPU
		{856F724F-E01E-41FD-A739-0F74F41D205B}.Release|Any CPU.ActiveCfg = Release|Any CPU
		{856F724F-E01E-41FD-A739-0F74F41D205B}.Release|Any CPU.Build.0 = Release|Any CPU
		{5A23C0FA-2C9A-4DCA-A898-E4CAF33F1EA5}.Debug|Any CPU.ActiveCfg = Debug|Any CPU
		{5A23C0FA-2C9A-4DCA-A898-E4CAF33F1EA5}.Debug|Any CPU.Build.0 = Debug|Any CPU
		{5A23C0FA-2C9A-4DCA-A898-E4CAF33F1EA5}.Release|Any CPU.ActiveCfg = Release|Any CPU
		{5A23C0FA-2C9A-4DCA-A898-E4CAF33F1EA5}.Release|Any CPU.Build.0 = Release|Any CPU
	EndGlobalSection
	GlobalSection(SolutionProperties) = preSolution
		HideSolutionNode = FALSE
	EndGlobalSection
	GlobalSection(ExtensibilityGlobals) = postSolution
		SolutionGuid = {206B0424-7BE5-4B64-B04C-F2C81D21C5EE}
	EndGlobalSection
EndGlobal
